
Microsoft Visual Studio Solution File, Format Version 12.00
# Visual Studio 14
VisualStudioVersion = 14.0.25420.1
MinimumVisualStudioVersion = 10.0.40219.1
Project("{FAE04EC0-301F-11D3-BF4B-00C04F79EFBC}") = "LetsLookAtDatabases", "LetsLookAtDatabases\LetsLookAtDatabases.csproj", "{036FD856-C1C3-4EB0-8D6A-9DBCA1E81C0A}"
EndProject
Project("{FAE04EC0-301F-11D3-BF4B-00C04F79EFBC}") = "DBClasses", "DBClasses\DBClasses.csproj", "{88D0A217-BCB3-4042-880B-40A28291B4C3}"
EndProject
Global
	GlobalSection(SolutionConfigurationPlatforms) = preSolution
		Debug|Any CPU = Debug|Any CPU
		Release|Any CPU = Release|Any CPU
	EndGlobalSection
	GlobalSection(ProjectConfigurationPlatforms) = postSolution
		{036FD856-C1C3-4EB0-8D6A-9DBCA1E81C0A}.Debug|Any CPU.ActiveCfg = Debug|Any CPU
		{036FD856-C1C3-4EB0-8D6A-9DBCA1E81C0A}.Debug|Any CPU.Build.0 = Debug|Any CPU
		{036FD856-C1C3-4EB0-8D6A-9DBCA1E81C0A}.Release|Any CPU.ActiveCfg = Release|Any CPU
		{036FD856-C1C3-4EB0-8D6A-9DBCA1E81C0A}.Release|Any CPU.Build.0 = Release|Any CPU
		{88D0A217-BCB3-4042-880B-40A28291B4C3}.Debug|Any CPU.ActiveCfg = Debug|Any CPU
		{88D0A217-BCB3-4042-880B-40A28291B4C3}.Debug|Any CPU.Build.0 = Debug|Any CPU
		{88D0A217-BCB3-4042-880B-40A28291B4C3}.Release|Any CPU.ActiveCfg = Release|Any CPU
		{88D0A217-BCB3-4042-880B-40A28291B4C3}.Release|Any CPU.Build.0 = Release|Any CPU
	EndGlobalSection
	GlobalSection(SolutionProperties) = preSolution
		HideSolutionNode = FALSE
	EndGlobalSection
EndGlobal
